
Microsoft Visual Studio Solution File, Format Version 12.00
# Visual Studio Version 17
VisualStudioVersion = 17.10.35013.160
MinimumVisualStudioVersion = 10.0.40219.1
Project("{FAE04EC0-301F-11D3-BF4B-00C04F79EFBC}") = "Fornecedores.API", "Fornecedores.API\Fornecedores.API.csproj", "{AA86E432-99DC-4426-BC63-CB91BE8992C2}"
EndProject
Project("{FAE04EC0-301F-11D3-BF4B-00C04F79EFBC}") = "Fornecedores.Infrastructure", "Fornecedores.Infrastructure\Fornecedores.Infrastructure.csproj", "{8678F7FF-DE42-4E9B-BA65-A0414D2C1D53}"
EndProject
Project("{FAE04EC0-301F-11D3-BF4B-00C04F79EFBC}") = "Fornecedores.Services", "Fornecedores.Services\Fornecedores.Services.csproj", "{DA08601B-4A8B-4AE4-BC5B-73BAAFD0D730}"
EndProject
Project("{FAE04EC0-301F-11D3-BF4B-00C04F79EFBC}") = "Fornecedores.Model", "Fornecedores.Model\Fornecedores.Model.csproj", "{381CD6CC-7731-4127-A608-FD852C2870C9}"
EndProject
Global
	GlobalSection(SolutionConfigurationPlatforms) = preSolution
		Debug|Any CPU = Debug|Any CPU
		Release|Any CPU = Release|Any CPU
	EndGlobalSection
	GlobalSection(ProjectConfigurationPlatforms) = postSolution
		{AA86E432-99DC-4426-BC63-CB91BE8992C2}.Debug|Any CPU.ActiveCfg = Debug|Any CPU
		{AA86E432-99DC-4426-BC63-CB91BE8992C2}.Debug|Any CPU.Build.0 = Debug|Any CPU
		{AA86E432-99DC-4426-BC63-CB91BE8992C2}.Release|Any CPU.ActiveCfg = Release|Any CPU
		{AA86E432-99DC-4426-BC63-CB91BE8992C2}.Release|Any CPU.Build.0 = Release|Any CPU
		{8678F7FF-DE42-4E9B-BA65-A0414D2C1D53}.Debug|Any CPU.ActiveCfg = Debug|Any CPU
		{8678F7FF-DE42-4E9B-BA65-A0414D2C1D53}.Debug|Any CPU.Build.0 = Debug|Any CPU
		{8678F7FF-DE42-4E9B-BA65-A0414D2C1D53}.Release|Any CPU.ActiveCfg = Release|Any CPU
		{8678F7FF-DE42-4E9B-BA65-A0414D2C1D53}.Release|Any CPU.Build.0 = Release|Any CPU
		{DA08601B-4A8B-4AE4-BC5B-73BAAFD0D730}.Debug|Any CPU.ActiveCfg = Debug|Any CPU
		{DA08601B-4A8B-4AE4-BC5B-73BAAFD0D730}.Debug|Any CPU.Build.0 = Debug|Any CPU
		{DA08601B-4A8B-4AE4-BC5B-73BAAFD0D730}.Release|Any CPU.ActiveCfg = Release|Any CPU
		{DA08601B-4A8B-4AE4-BC5B-73BAAFD0D730}.Release|Any CPU.Build.0 = Release|Any CPU
		{381CD6CC-7731-4127-A608-FD852C2870C9}.Debug|Any CPU.ActiveCfg = Debug|Any CPU
		{381CD6CC-7731-4127-A608-FD852C2870C9}.Debug|Any CPU.Build.0 = Debug|Any CPU
		{381CD6CC-7731-4127-A608-FD852C2870C9}.Release|Any CPU.ActiveCfg = Release|Any CPU
		{381CD6CC-7731-4127-A608-FD852C2870C9}.Release|Any CPU.Build.0 = Release|Any CPU
	EndGlobalSection
	GlobalSection(SolutionProperties) = preSolution
		HideSolutionNode = FALSE
	EndGlobalSection
	GlobalSection(ExtensibilityGlobals) = postSolution
		SolutionGuid = {6D565600-D056-4936-AF93-0591FC5B7635}
	EndGlobalSection
EndGlobal
